
Microsoft Visual Studio Solution File, Format Version 12.00
# Visual Studio Version 17
VisualStudioVersion = 17.2.32616.157
MinimumVisualStudioVersion = 10.0.40219.1
Project("{FAE04EC0-301F-11D3-BF4B-00C04F79EFBC}") = "ASProj", "ASProj\ASProj.csproj", "{2CAF0FDF-2B30-4470-BE86-76CD641D9367}"
EndProject
Global
	GlobalSection(SolutionConfigurationPlatforms) = preSolution
		Debug|Any CPU = Debug|Any CPU
		Release|Any CPU = Release|Any CPU
	EndGlobalSection
	GlobalSection(ProjectConfigurationPlatforms) = postSolution
		{2CAF0FDF-2B30-4470-BE86-76CD641D9367}.Debug|Any CPU.ActiveCfg = Debug|Any CPU
		{2CAF0FDF-2B30-4470-BE86-76CD641D9367}.Debug|Any CPU.Build.0 = Debug|Any CPU
		{2CAF0FDF-2B30-4470-BE86-76CD641D9367}.Release|Any CPU.ActiveCfg = Release|Any CPU
		{2CAF0FDF-2B30-4470-BE86-76CD641D9367}.Release|Any CPU.Build.0 = Release|Any CPU
	EndGlobalSection
	GlobalSection(SolutionProperties) = preSolution
		HideSolutionNode = FALSE
	EndGlobalSection
	GlobalSection(ExtensibilityGlobals) = postSolution
		SolutionGuid = {A37D72B1-0745-42D2-A504-187FBD4275E6}
	EndGlobalSection
EndGlobal
